
Microsoft Visual Studio Solution File, Format Version 12.00
# Visual Studio Version 16
VisualStudioVersion = 16.0.31515.178
MinimumVisualStudioVersion = 10.0.40219.1
Project("{9A19103F-16F7-4668-BE54-9A1E7A4F7556}") = "01-Uvod-01-Jak-se-jmenujes", "01-Uvod-01-Jak-se-jmenujes\01-Uvod-01-Jak-se-jmenujes.csproj", "{F9ED1355-5E1F-42A1-8A42-3F191F662C54}"
EndProject
Project("{2150E333-8FDC-42A3-9474-1A3956D46DE8}") = "01-Uvod", "01-Uvod", "{08D2D231-BA79-43D6-B034-56ADE19CA238}"
EndProject
Project("{9A19103F-16F7-4668-BE54-9A1E7A4F7556}") = "00-Demo-01-Hello-World", "00-Demo-01-Hello-World\00-Demo-01-Hello-World.csproj", "{726E4366-BDEE-4407-AF23-42DA3C1745AE}"
EndProject
Project("{9A19103F-16F7-4668-BE54-9A1E7A4F7556}") = "01-Uvod-02-Zvetseni-cisla", "01-Uvod-02-zvetseni-cisla\01-Uvod-02-Zvetseni-cisla.csproj", "{9EFED909-2E38-42D5-9440-FD2C31000145}"
EndProject
Project("{9A19103F-16F7-4668-BE54-9A1E7A4F7556}") = "01-Uvod-03-Char-demo", "C:\Users\koupja\source\repos\2021_PR1-1As1-Vyuka\01-Uvod-03-Char-demo\01-Uvod-03-Char-demo.csproj", "{A99CDBFD-AACD-4E1D-85CE-542D84139235}"
EndProject
Project("{9A19103F-16F7-4668-BE54-9A1E7A4F7556}") = "01-Uvod-04-Uprava", "01-Uvod-04-Uprava\01-Uvod-04-Uprava.csproj", "{BD1526A8-5C9C-46D3-B361-BF97F7586A4C}"
EndProject
Project("{9A19103F-16F7-4668-BE54-9A1E7A4F7556}") = "01-Uvod-05-Cisla-a-format", "01-Uvod-05-Cisla-a-format\01-Uvod-05-Cisla-a-format.csproj", "{DAD810F4-1D6E-4FAD-B241-DF5AC3A813A8}"
EndProject
Project("{9A19103F-16F7-4668-BE54-9A1E7A4F7556}") = "01-Uvod-06-Kolik-let", "01-Uvod-06-Kolik-let\01-Uvod-06-Kolik-let.csproj", "{6BBA9B85-A749-4866-BACD-B9E252E6343F}"
EndProject
Project("{9A19103F-16F7-4668-BE54-9A1E7A4F7556}") = "01-Uvod-07-Kolik-lidi-uveze-vytah", "01-Uvod-07-Kolik-lidi-uveze-vytah\01-Uvod-07-Kolik-lidi-uveze-vytah.csproj", "{48D18A13-DC1D-47C5-B583-09BD884CA05B}"
EndProject
Project("{2150E333-8FDC-42A3-9474-1A3956D46DE8}") = "02-Podminky", "02-Podminky", "{668D79AF-249D-44A9-BA1B-1D07F963E02D}"
EndProject
Project("{9A19103F-16F7-4668-BE54-9A1E7A4F7556}") = "02-Podm-01-Vetveni", "02-Podm-01-Vetveni\02-Podm-01-Vetveni.csproj", "{A769F740-E984-4625-BD54-7A028CD2D4A0}"
EndProject
Project("{9A19103F-16F7-4668-BE54-9A1E7A4F7556}") = "01-Uvod-08-reseni-testu", "01-Uvod-08-reseni-testu\01-Uvod-08-reseni-testu.csproj", "{704D5B14-B94C-42B6-9E2B-6A439AF61CDE}"
EndProject
Project("{9A19103F-16F7-4668-BE54-9A1E7A4F7556}") = "02-Podm-02-Boolean", "02-Podm-02-Boolean\02-Podm-02-Boolean.csproj", "{74520595-1BC6-4A77-A7D7-2EEBB4EDA45A}"
EndProject
Project("{9A19103F-16F7-4668-BE54-9A1E7A4F7556}") = "tmp", "tmp\tmp.csproj", "{3A3ED44D-C5E3-420C-85CC-3BBFA784EAF4}"
EndProject
Project("{9A19103F-16F7-4668-BE54-9A1E7A4F7556}") = "02-Podm-03-Retezeni", "02-Podm-03-Retezeni\02-Podm-03-Retezeni.csproj", "{19F8A53C-4A70-47FB-9F8A-9BD96F99DDBD}"
EndProject
Project("{9A19103F-16F7-4668-BE54-9A1E7A4F7556}") = "02-Podm-04-Znamkovani", "02-Podm-04-Znamkovani\02-Podm-04-Znamkovani.csproj", "{D3BDEB5F-0757-494E-ADF7-9E4B522D9671}"
EndProject
Project("{9A19103F-16F7-4668-BE54-9A1E7A4F7556}") = "02-Podm-05-Switch", "02-Podm-05-Switch\02-Podm-05-Switch.csproj", "{17F2E181-B87D-480E-966D-1AE863AB643A}"
EndProject
Project("{FAE04EC0-301F-11D3-BF4B-00C04F79EFBC}") = "02-Podm-06-Random", "02-Podm-06-Random\02-Podm-06-Random.csproj", "{1188567D-8D33-45B3-9716-A9B872B8BF1D}"
EndProject
Global
	GlobalSection(SolutionConfigurationPlatforms) = preSolution
		Debug|Any CPU = Debug|Any CPU
		Release|Any CPU = Release|Any CPU
	EndGlobalSection
	GlobalSection(ProjectConfigurationPlatforms) = postSolution
		{F9ED1355-5E1F-42A1-8A42-3F191F662C54}.Debug|Any CPU.ActiveCfg = Debug|Any CPU
		{F9ED1355-5E1F-42A1-8A42-3F191F662C54}.Debug|Any CPU.Build.0 = Debug|Any CPU
		{F9ED1355-5E1F-42A1-8A42-3F191F662C54}.Release|Any CPU.ActiveCfg = Release|Any CPU
		{F9ED1355-5E1F-42A1-8A42-3F191F662C54}.Release|Any CPU.Build.0 = Release|Any CPU
		{726E4366-BDEE-4407-AF23-42DA3C1745AE}.Debug|Any CPU.ActiveCfg = Debug|Any CPU
		{726E4366-BDEE-4407-AF23-42DA3C1745AE}.Debug|Any CPU.Build.0 = Debug|Any CPU
		{726E4366-BDEE-4407-AF23-42DA3C1745AE}.Release|Any CPU.ActiveCfg = Release|Any CPU
		{726E4366-BDEE-4407-AF23-42DA3C1745AE}.Release|Any CPU.Build.0 = Release|Any CPU
		{9EFED909-2E38-42D5-9440-FD2C31000145}.Debug|Any CPU.ActiveCfg = Debug|Any CPU
		{9EFED909-2E38-42D5-9440-FD2C31000145}.Debug|Any CPU.Build.0 = Debug|Any CPU
		{9EFED909-2E38-42D5-9440-FD2C31000145}.Release|Any CPU.ActiveCfg = Release|Any CPU
		{9EFED909-2E38-42D5-9440-FD2C31000145}.Release|Any CPU.Build.0 = Release|Any CPU
		{A99CDBFD-AACD-4E1D-85CE-542D84139235}.Debug|Any CPU.ActiveCfg = Debug|Any CPU
		{A99CDBFD-AACD-4E1D-85CE-542D84139235}.Debug|Any CPU.Build.0 = Debug|Any CPU
		{A99CDBFD-AACD-4E1D-85CE-542D84139235}.Release|Any CPU.ActiveCfg = Release|Any CPU
		{A99CDBFD-AACD-4E1D-85CE-542D84139235}.Release|Any CPU.Build.0 = Release|Any CPU
		{BD1526A8-5C9C-46D3-B361-BF97F7586A4C}.Debug|Any CPU.ActiveCfg = Debug|Any CPU
		{BD1526A8-5C9C-46D3-B361-BF97F7586A4C}.Debug|Any CPU.Build.0 = Debug|Any CPU
		{BD1526A8-5C9C-46D3-B361-BF97F7586A4C}.Release|Any CPU.ActiveCfg = Release|Any CPU
		{BD1526A8-5C9C-46D3-B361-BF97F7586A4C}.Release|Any CPU.Build.0 = Release|Any CPU
		{DAD810F4-1D6E-4FAD-B241-DF5AC3A813A8}.Debug|Any CPU.ActiveCfg = Debug|Any CPU
		{DAD810F4-1D6E-4FAD-B241-DF5AC3A813A8}.Debug|Any CPU.Build.0 = Debug|Any CPU
		{DAD810F4-1D6E-4FAD-B241-DF5AC3A813A8}.Release|Any CPU.ActiveCfg = Release|Any CPU
		{DAD810F4-1D6E-4FAD-B241-DF5AC3A813A8}.Release|Any CPU.Build.0 = Release|Any CPU
		{6BBA9B85-A749-4866-BACD-B9E252E6343F}.Debug|Any CPU.ActiveCfg = Debug|Any CPU
		{6BBA9B85-A749-4866-BACD-B9E252E6343F}.Debug|Any CPU.Build.0 = Debug|Any CPU
		{6BBA9B85-A749-4866-BACD-B9E252E6343F}.Release|Any CPU.ActiveCfg = Release|Any CPU
		{6BBA9B85-A749-4866-BACD-B9E252E6343F}.Release|Any CPU.Build.0 = Release|Any CPU
		{48D18A13-DC1D-47C5-B583-09BD884CA05B}.Debug|Any CPU.ActiveCfg = Debug|Any CPU
		{48D18A13-DC1D-47C5-B583-09BD884CA05B}.Debug|Any CPU.Build.0 = Debug|Any CPU
		{48D18A13-DC1D-47C5-B583-09BD884CA05B}.Release|Any CPU.ActiveCfg = Release|Any CPU
		{48D18A13-DC1D-47C5-B583-09BD884CA05B}.Release|Any CPU.Build.0 = Release|Any CPU
		{A769F740-E984-4625-BD54-7A028CD2D4A0}.Debug|Any CPU.ActiveCfg = Debug|Any CPU
		{A769F740-E984-4625-BD54-7A028CD2D4A0}.Debug|Any CPU.Build.0 = Debug|Any CPU
		{A769F740-E984-4625-BD54-7A028CD2D4A0}.Release|Any CPU.ActiveCfg = Release|Any CPU
		{A769F740-E984-4625-BD54-7A028CD2D4A0}.Release|Any CPU.Build.0 = Release|Any CPU
		{704D5B14-B94C-42B6-9E2B-6A439AF61CDE}.Debug|Any CPU.ActiveCfg = Debug|Any CPU
		{704D5B14-B94C-42B6-9E2B-6A439AF61CDE}.Debug|Any CPU.Build.0 = Debug|Any CPU
		{704D5B14-B94C-42B6-9E2B-6A439AF61CDE}.Release|Any CPU.ActiveCfg = Release|Any CPU
		{704D5B14-B94C-42B6-9E2B-6A439AF61CDE}.Release|Any CPU.Build.0 = Release|Any CPU
		{74520595-1BC6-4A77-A7D7-2EEBB4EDA45A}.Debug|Any CPU.ActiveCfg = Debug|Any CPU
		{74520595-1BC6-4A77-A7D7-2EEBB4EDA45A}.Debug|Any CPU.Build.0 = Debug|Any CPU
		{74520595-1BC6-4A77-A7D7-2EEBB4EDA45A}.Release|Any CPU.ActiveCfg = Release|Any CPU
		{74520595-1BC6-4A77-A7D7-2EEBB4EDA45A}.Release|Any CPU.Build.0 = Release|Any CPU
		{3A3ED44D-C5E3-420C-85CC-3BBFA784EAF4}.Debug|Any CPU.ActiveCfg = Debug|Any CPU
		{3A3ED44D-C5E3-420C-85CC-3BBFA784EAF4}.Debug|Any CPU.Build.0 = Debug|Any CPU
		{3A3ED44D-C5E3-420C-85CC-3BBFA784EAF4}.Release|Any CPU.ActiveCfg = Release|Any CPU
		{3A3ED44D-C5E3-420C-85CC-3BBFA784EAF4}.Release|Any CPU.Build.0 = Release|Any CPU
		{19F8A53C-4A70-47FB-9F8A-9BD96F99DDBD}.Debug|Any CPU.ActiveCfg = Debug|Any CPU
		{19F8A53C-4A70-47FB-9F8A-9BD96F99DDBD}.Debug|Any CPU.Build.0 = Debug|Any CPU
		{19F8A53C-4A70-47FB-9F8A-9BD96F99DDBD}.Release|Any CPU.ActiveCfg = Release|Any CPU
		{19F8A53C-4A70-47FB-9F8A-9BD96F99DDBD}.Release|Any CPU.Build.0 = Release|Any CPU
		{D3BDEB5F-0757-494E-ADF7-9E4B522D9671}.Debug|Any CPU.ActiveCfg = Debug|Any CPU
		{D3BDEB5F-0757-494E-ADF7-9E4B522D9671}.Debug|Any CPU.Build.0 = Debug|Any CPU
		{D3BDEB5F-0757-494E-ADF7-9E4B522D9671}.Release|Any CPU.ActiveCfg = Release|Any CPU
		{D3BDEB5F-0757-494E-ADF7-9E4B522D9671}.Release|Any CPU.Build.0 = Release|Any CPU
		{17F2E181-B87D-480E-966D-1AE863AB643A}.Debug|Any CPU.ActiveCfg = Debug|Any CPU
		{17F2E181-B87D-480E-966D-1AE863AB643A}.Debug|Any CPU.Build.0 = Debug|Any CPU
		{17F2E181-B87D-480E-966D-1AE863AB643A}.Release|Any CPU.ActiveCfg = Release|Any CPU
		{17F2E181-B87D-480E-966D-1AE863AB643A}.Release|Any CPU.Build.0 = Release|Any CPU
		{1188567D-8D33-45B3-9716-A9B872B8BF1D}.Debug|Any CPU.ActiveCfg = Debug|Any CPU
		{1188567D-8D33-45B3-9716-A9B872B8BF1D}.Debug|Any CPU.Build.0 = Debug|Any CPU
		{1188567D-8D33-45B3-9716-A9B872B8BF1D}.Release|Any CPU.ActiveCfg = Release|Any CPU
		{1188567D-8D33-45B3-9716-A9B872B8BF1D}.Release|Any CPU.Build.0 = Release|Any CPU
	EndGlobalSection
	GlobalSection(SolutionProperties) = preSolution
		HideSolutionNode = FALSE
	EndGlobalSection
	GlobalSection(NestedProjects) = preSolution
		{F9ED1355-5E1F-42A1-8A42-3F191F662C54} = {08D2D231-BA79-43D6-B034-56ADE19CA238}
		{726E4366-BDEE-4407-AF23-42DA3C1745AE} = {08D2D231-BA79-43D6-B034-56ADE19CA238}
		{9EFED909-2E38-42D5-9440-FD2C31000145} = {08D2D231-BA79-43D6-B034-56ADE19CA238}
		{A99CDBFD-AACD-4E1D-85CE-542D84139235} = {08D2D231-BA79-43D6-B034-56ADE19CA238}
		{BD1526A8-5C9C-46D3-B361-BF97F7586A4C} = {08D2D231-BA79-43D6-B034-56ADE19CA238}
		{DAD810F4-1D6E-4FAD-B241-DF5AC3A813A8} = {08D2D231-BA79-43D6-B034-56ADE19CA238}
		{6BBA9B85-A749-4866-BACD-B9E252E6343F} = {08D2D231-BA79-43D6-B034-56ADE19CA238}
		{48D18A13-DC1D-47C5-B583-09BD884CA05B} = {08D2D231-BA79-43D6-B034-56ADE19CA238}
		{A769F740-E984-4625-BD54-7A028CD2D4A0} = {668D79AF-249D-44A9-BA1B-1D07F963E02D}
		{704D5B14-B94C-42B6-9E2B-6A439AF61CDE} = {08D2D231-BA79-43D6-B034-56ADE19CA238}
		{74520595-1BC6-4A77-A7D7-2EEBB4EDA45A} = {668D79AF-249D-44A9-BA1B-1D07F963E02D}
		{19F8A53C-4A70-47FB-9F8A-9BD96F99DDBD} = {668D79AF-249D-44A9-BA1B-1D07F963E02D}
		{D3BDEB5F-0757-494E-ADF7-9E4B522D9671} = {668D79AF-249D-44A9-BA1B-1D07F963E02D}
		{17F2E181-B87D-480E-966D-1AE863AB643A} = {668D79AF-249D-44A9-BA1B-1D07F963E02D}
		{1188567D-8D33-45B3-9716-A9B872B8BF1D} = {668D79AF-249D-44A9-BA1B-1D07F963E02D}
	EndGlobalSection
	GlobalSection(ExtensibilityGlobals) = postSolution
		SolutionGuid = {3F3EDB7A-73D1-489C-A58A-885EA8FD56DB}
	EndGlobalSection
EndGlobal
