
Microsoft Visual Studio Solution File, Format Version 12.00
# Visual Studio Version 16
VisualStudioVersion = 16.0.31515.178
MinimumVisualStudioVersion = 10.0.40219.1
Project("{9A19103F-16F7-4668-BE54-9A1E7A4F7556}") = "01-Uvod-01-Jak-se-jmenujes", "01-Uvod-01-Jak-se-jmenujes\01-Uvod-01-Jak-se-jmenujes.csproj", "{F9ED1355-5E1F-42A1-8A42-3F191F662C54}"
EndProject
Project("{2150E333-8FDC-42A3-9474-1A3956D46DE8}") = "01-Uvod", "01-Uvod", "{08D2D231-BA79-43D6-B034-56ADE19CA238}"
EndProject
Project("{9A19103F-16F7-4668-BE54-9A1E7A4F7556}") = "00-Demo-01-Hello-World", "00-Demo-01-Hello-World\00-Demo-01-Hello-World.csproj", "{726E4366-BDEE-4407-AF23-42DA3C1745AE}"
EndProject
Project("{9A19103F-16F7-4668-BE54-9A1E7A4F7556}") = "01-Uvod-02-Zvetseni-cisla", "01-Uvod-02-zvetseni-cisla\01-Uvod-02-Zvetseni-cisla.csproj", "{9EFED909-2E38-42D5-9440-FD2C31000145}"
EndProject
Project("{9A19103F-16F7-4668-BE54-9A1E7A4F7556}") = "01-Uvod-03-Char-demo", "C:\Users\koupja\source\repos\2021_PR1-1As1-Vyuka\01-Uvod-03-Char-demo\01-Uvod-03-Char-demo.csproj", "{A99CDBFD-AACD-4E1D-85CE-542D84139235}"
EndProject
Project("{9A19103F-16F7-4668-BE54-9A1E7A4F7556}") = "01-Uvod-04-Uprava", "01-Uvod-04-Uprava\01-Uvod-04-Uprava.csproj", "{BD1526A8-5C9C-46D3-B361-BF97F7586A4C}"
EndProject
Project("{9A19103F-16F7-4668-BE54-9A1E7A4F7556}") = "01-Uvod-05-Cisla-a-format", "01-Uvod-05-Cisla-a-format\01-Uvod-05-Cisla-a-format.csproj", "{DAD810F4-1D6E-4FAD-B241-DF5AC3A813A8}"
EndProject
Project("{9A19103F-16F7-4668-BE54-9A1E7A4F7556}") = "01-Uvod-06-Kolik-let", "01-Uvod-06-Kolik-let\01-Uvod-06-Kolik-let.csproj", "{6BBA9B85-A749-4866-BACD-B9E252E6343F}"
EndProject
Project("{9A19103F-16F7-4668-BE54-9A1E7A4F7556}") = "01-Uvod-07-Kolik-lidi-uveze-vytah", "01-Uvod-07-Kolik-lidi-uveze-vytah\01-Uvod-07-Kolik-lidi-uveze-vytah.csproj", "{48D18A13-DC1D-47C5-B583-09BD884CA05B}"
EndProject
Project("{2150E333-8FDC-42A3-9474-1A3956D46DE8}") = "02-Podminky", "02-Podminky", "{668D79AF-249D-44A9-BA1B-1D07F963E02D}"
EndProject
Project("{9A19103F-16F7-4668-BE54-9A1E7A4F7556}") = "02-Podm-01-Vetveni", "02-Podm-01-Vetveni\02-Podm-01-Vetveni.csproj", "{A769F740-E984-4625-BD54-7A028CD2D4A0}"
EndProject
Project("{9A19103F-16F7-4668-BE54-9A1E7A4F7556}") = "01-Uvod-08-reseni-testu", "01-Uvod-08-reseni-testu\01-Uvod-08-reseni-testu.csproj", "{704D5B14-B94C-42B6-9E2B-6A439AF61CDE}"
EndProject
Project("{9A19103F-16F7-4668-BE54-9A1E7A4F7556}") = "02-Podm-02-Boolean", "02-Podm-02-Boolean\02-Podm-02-Boolean.csproj", "{74520595-1BC6-4A77-A7D7-2EEBB4EDA45A}"
EndProject
Project("{9A19103F-16F7-4668-BE54-9A1E7A4F7556}") = "tmp", "tmp\tmp.csproj", "{3A3ED44D-C5E3-420C-85CC-3BBFA784EAF4}"
EndProject
Project("{9A19103F-16F7-4668-BE54-9A1E7A4F7556}") = "02-Podm-03-Retezeni", "02-Podm-03-Retezeni\02-Podm-03-Retezeni.csproj", "{19F8A53C-4A70-47FB-9F8A-9BD96F99DDBD}"
EndProject
Project("{9A19103F-16F7-4668-BE54-9A1E7A4F7556}") = "02-Podm-04-Znamkovani", "02-Podm-04-Znamkovani\02-Podm-04-Znamkovani.csproj", "{D3BDEB5F-0757-494E-ADF7-9E4B522D9671}"
EndProject
Project("{9A19103F-16F7-4668-BE54-9A1E7A4F7556}") = "02-Podm-05-Switch", "02-Podm-05-Switch\02-Podm-05-Switch.csproj", "{17F2E181-B87D-480E-966D-1AE863AB643A}"
EndProject
Project("{9A19103F-16F7-4668-BE54-9A1E7A4F7556}") = "02-Podm-06-Random", "02-Podm-06-Random\02-Podm-06-Random.csproj", "{1188567D-8D33-45B3-9716-A9B872B8BF1D}"
EndProject
Project("{2150E333-8FDC-42A3-9474-1A3956D46DE8}") = "03-While", "03-While", "{21A4AD57-DEF2-4E42-A5DB-1B4F4C129BD3}"
EndProject
Project("{9A19103F-16F7-4668-BE54-9A1E7A4F7556}") = "03-While-01-Nacti-kladne", "03-While-01-Nacti-kladne\03-While-01-Nacti-kladne.csproj", "{605FD051-113B-43CA-B28B-2208D7E14EBF}"
EndProject
Project("{9A19103F-16F7-4668-BE54-9A1E7A4F7556}") = "03-While-02-Pocitani", "03-While-02-Pocitani\03-While-02-Pocitani.csproj", "{5A1DEC44-B01B-4432-8FD1-02154643A8E0}"
EndProject
Project("{9A19103F-16F7-4668-BE54-9A1E7A4F7556}") = "03-While-03-Den-v-tydnu", "03-While-03-Den-v-tydnu\03-While-03-Den-v-tydnu.csproj", "{89CB558E-C5E6-45EC-A4E8-4D1199EECC38}"
EndProject
Project("{9A19103F-16F7-4668-BE54-9A1E7A4F7556}") = "03-While-04-Nacitej-do-nuly", "03-While-04-Nacitej-do-nuly\03-While-04-Nacitej-do-nuly.csproj", "{78A0C8B3-493E-4923-BC30-DD317996446F}"
EndProject
Project("{9A19103F-16F7-4668-BE54-9A1E7A4F7556}") = "03-While-05-Kdy-ta-sestka-padne", "03-While-05-Kdy-ta-setka-padne\03-While-05-Kdy-ta-sestka-padne.csproj", "{533B5517-0680-4E26-B7FE-B781E6E89E42}"
EndProject
Project("{9A19103F-16F7-4668-BE54-9A1E7A4F7556}") = "03-While-06-Soucet-cisel-v-intervalu", "03-While-06-Soucet-cisel-v-intervalu\03-While-06-Soucet-cisel-v-intervalu.csproj", "{2D5D9C8B-B6E1-4027-BD29-06E6FA1D6CA9}"
EndProject
Project("{9A19103F-16F7-4668-BE54-9A1E7A4F7556}") = "03-While-07-TryParse", "03-While-07-TryParse\03-While-07-TryParse.csproj", "{1928D45C-83AA-4E7E-8915-992C74C7D5FC}"
EndProject
Project("{9A19103F-16F7-4668-BE54-9A1E7A4F7556}") = "03-While-08-Minimum", "03-While-08-Minimum\03-While-08-Minimum.csproj", "{8C0DBECE-ADD1-4E73-B31A-8944ED63B093}"
EndProject
Project("{9A19103F-16F7-4668-BE54-9A1E7A4F7556}") = "03-While-09-Hadej-kolik-myslim", "03-While-09-Hadej-kolik-myslim\03-While-09-Hadej-kolik-myslim.csproj", "{D52D0C09-20CA-4D1E-9985-9E56E2E712A8}"
EndProject
Project("{9A19103F-16F7-4668-BE54-9A1E7A4F7556}") = "03-While-10-Prumerny-hod", "03-While-10-Prumerny-hod\03-While-10-Prumerny-hod.csproj", "{DD6AB9C6-FF44-4533-929A-31090C1CF589}"
EndProject
Project("{9A19103F-16F7-4668-BE54-9A1E7A4F7556}") = "03-While-11-Sekvence-sestek", "03-While-11-Sekvence-sestek\03-While-11-Sekvence-sestek.csproj", "{9D8FD23E-B365-4B69-9878-CAB6E9E130E5}"
EndProject
Project("{9A19103F-16F7-4668-BE54-9A1E7A4F7556}") = "03-While-12-Zebriky-a-hadi", "03-While-12-Zebriky-a-hadi\03-While-12-Zebriky-a-hadi.csproj", "{64778B05-0387-4BD3-8A63-EAA375DB1940}"
EndProject
Project("{9A19103F-16F7-4668-BE54-9A1E7A4F7556}") = "03-While-13-Break-demo", "03-While-13-Break-demo\03-While-13-Break-demo.csproj", "{34DB26B0-42C9-4C16-8026-FA35FEAE0885}"
EndProject
Project("{2150E333-8FDC-42A3-9474-1A3956D46DE8}") = "04-For", "04-For", "{EC35C0D2-9D9F-480C-B3D8-DBA4167A0CAB}"
EndProject
Project("{9A19103F-16F7-4668-BE54-9A1E7A4F7556}") = "04-For-01-Demo", "04-For-01-Demo\04-For-01-Demo.csproj", "{4202B3CB-EB05-40ED-82BA-844E74F9FA9F}"
EndProject
Project("{9A19103F-16F7-4668-BE54-9A1E7A4F7556}") = "04-For-02-Jsou-vsechna-licha", "04-For-02-Jsou-vsechna-licha\04-For-02-Jsou-vsechna-licha.csproj", "{B6663573-F9C1-4BAC-B43C-73D1D9EE853C}"
EndProject
Project("{9A19103F-16F7-4668-BE54-9A1E7A4F7556}") = "04-For-03-String-a-char", "04-For-03-String-a-char\04-For-03-String-a-char.csproj", "{3B8D5C6C-B78D-4138-A3AD-FE8F9E6363C5}"
EndProject
Project("{9A19103F-16F7-4668-BE54-9A1E7A4F7556}") = "04-For-04-random-string", "04-For-04-random-string\04-For-04-random-string.csproj", "{77C36EAE-147C-4970-BCD3-AB4403F64B8C}"
EndProject
Project("{9A19103F-16F7-4668-BE54-9A1E7A4F7556}") = "04-For-05-Zamaskuj", "04-For-05-Zamaskuj\04-For-05-Zamaskuj.csproj", "{F9233DA1-3947-402C-9823-27F8766FF336}"
EndProject
Project("{9A19103F-16F7-4668-BE54-9A1E7A4F7556}") = "04-For-06-Vyhazej-mezery", "04-For-06-Vyhazej-mezery\04-For-06-Vyhazej-mezery.csproj", "{12C59471-003A-41AB-A5D0-A27F28AF7ED2}"
EndProject
Project("{9A19103F-16F7-4668-BE54-9A1E7A4F7556}") = "04-For-07-Test-palindromu", "04-For-07-Test-palindromu\04-For-07-Test-palindromu.csproj", "{623D8890-347A-4023-829E-A2D0BA618785}"
EndProject
Project("{9A19103F-16F7-4668-BE54-9A1E7A4F7556}") = "04-For-08-Nech-jen-pismena", "04-For-08-Nech-jen-pismena\04-For-08-Nech-jen-pismena.csproj", "{68F752FB-2256-4102-95EA-EFC313D6D73A}"
EndProject
Project("{9A19103F-16F7-4668-BE54-9A1E7A4F7556}") = "04-For-09-Hadej-slovo", "04-For-09-Hadej-slovo\04-For-09-Hadej-slovo.csproj", "{AA9B944F-B901-4FD6-89F2-1CD92DB8E854}"
EndProject
Project("{9A19103F-16F7-4668-BE54-9A1E7A4F7556}") = "04-For-10-Projet-vsechny-symboly", "04-For-10-Projet-vsechny-symboly\04-For-10-Projet-vsechny-symboly.csproj", "{2CE9819E-8D55-48FE-BA93-45D68E735B39}"
EndProject
Project("{9A19103F-16F7-4668-BE54-9A1E7A4F7556}") = "04-For-11-Namaluj-obdelnik", "04-For-11-Namaluj-obdelnik\04-For-11-Namaluj-obdelnik.csproj", "{C964F118-3241-4CE1-B2A8-A741E114AC84}"
EndProject
Project("{9A19103F-16F7-4668-BE54-9A1E7A4F7556}") = "04-For-12-Namaluj-ctverec", "04-For-12-Namaluj-ctverec\04-For-12-Namaluj-ctverec.csproj", "{CAA16325-D43A-40F3-AE93-FAF3C750BA09}"
EndProject
Project("{9A19103F-16F7-4668-BE54-9A1E7A4F7556}") = "04-For-13-Namaluj-trojuhelnik-b", "04-For-13-Namaluj-trojuhelnik-b\04-For-13-Namaluj-trojuhelnik-b.csproj", "{21F3787D-1C05-4D25-B473-A97B8F4B3C36}"
EndProject
Project("{9A19103F-16F7-4668-BE54-9A1E7A4F7556}") = "04-For-14-Namaluj-trojuhelnik-q", "04-For-14-Namaluj-trojuhelnik-q\04-For-14-Namaluj-trojuhelnik-q.csproj", "{35184726-C727-448F-8A5B-DE960C425268}"
EndProject
Project("{9A19103F-16F7-4668-BE54-9A1E7A4F7556}") = "04-For-15-Domino", "04-For-15-Domino\04-For-15-Domino.csproj", "{FDB41AB3-53CB-4C31-9B95-4D99911B887D}"
EndProject
Project("{9A19103F-16F7-4668-BE54-9A1E7A4F7556}") = "04-For-16-Algebrogram", "04-For-16-Algebrogram\04-For-16-Algebrogram.csproj", "{65A4E80D-A502-4C87-9CCB-E361D32BF7D7}"
EndProject
Project("{9A19103F-16F7-4668-BE54-9A1E7A4F7556}") = "04-For-17-Diagonala", "04-For-17-Diagonala\04-For-17-Diagonala.csproj", "{35D42DC5-037E-4DFA-9F68-696E9C19E474}"
EndProject
Project("{9A19103F-16F7-4668-BE54-9A1E7A4F7556}") = "04-For-18-Caesar", "04-For-18-Caesar\04-For-18-Caesar.csproj", "{DE55B778-6D0C-4572-8E8F-D6E868EF009D}"
EndProject
Project("{9A19103F-16F7-4668-BE54-9A1E7A4F7556}") = "04-For-19-Kreslim-sachovnici", "04-For-19-Kreslim-sachovnici\04-For-19-Kreslim-sachovnici.csproj", "{FF7B3AC7-6054-4F70-94E5-236C6F3DCF69}"
EndProject
Project("{9A19103F-16F7-4668-BE54-9A1E7A4F7556}") = "04-For-20-Sachovnice-s-pozicí", "04-For-20-Sachovnice-s-pozicí\04-For-20-Sachovnice-s-pozicí.csproj", "{BF0DD8D9-4504-4001-9373-1D4E078F5E92}"
EndProject
Project("{9A19103F-16F7-4668-BE54-9A1E7A4F7556}") = "04-For-21-Kam-utoci-vez", "04-For-21-Kam-utoci-vez\04-For-21-Kam-utoci-vez.csproj", "{97AFC5ED-6DB9-407D-91E5-48A631CED3EF}"
EndProject
Project("{9A19103F-16F7-4668-BE54-9A1E7A4F7556}") = "04-For-22-Kam-utoci-vez-Console", "04-For-22-Kam-utoci-vez-Console\04-For-22-Kam-utoci-vez-Console.csproj", "{F530AB22-3960-421D-A96C-CF7E49117DDB}"
EndProject
Project("{9A19103F-16F7-4668-BE54-9A1E7A4F7556}") = "04-For-23-Kam-utoci-kral-Console", "04-For-23-kam-utovi-kral-Console\04-For-23-Kam-utoci-kral-Console.csproj", "{849ACE6E-2922-4E46-B156-181EB7E39D4D}"
EndProject
Project("{2150E333-8FDC-42A3-9474-1A3956D46DE8}") = "05-Array", "05-Array", "{B6750318-8CD9-4237-A080-99FF77DF1930}"
EndProject
Project("{9A19103F-16F7-4668-BE54-9A1E7A4F7556}") = "05-Array-01-Demo", "05-Array-01-Demo\05-Array-01-Demo.csproj", "{2BD7C792-DCA2-40C6-A236-2DF9F36CAF2E}"
EndProject
Project("{9A19103F-16F7-4668-BE54-9A1E7A4F7556}") = "04-For-24-opakovani", "04-For-24-opakovani\04-For-24-opakovani.csproj", "{1C28C4CF-24AD-4BFD-BB63-36EF5B1ED68D}"
EndProject
Project("{9A19103F-16F7-4668-BE54-9A1E7A4F7556}") = "04-For-25-Bin2Dec", "04-For-25-Bin2Dec\04-For-25-Bin2Dec.csproj", "{11C91A7D-EC0B-47F1-9848-F94ACC851633}"
EndProject
Project("{9A19103F-16F7-4668-BE54-9A1E7A4F7556}") = "04-For-26-Dec2Bin", "04-For-26-Dec2Bin\04-For-26-Dec2Bin.csproj", "{744BA079-ECC5-436D-8EB3-89F53202F3D4}"
EndProject
Project("{9A19103F-16F7-4668-BE54-9A1E7A4F7556}") = "04-For-27-Je-prvocislo", "04-For-27-Je-prvocislo\04-For-27-Je-prvocislo.csproj", "{4B374356-83CB-40FD-B122-FBC927D7C11F}"
EndProject
Project("{9A19103F-16F7-4668-BE54-9A1E7A4F7556}") = "04-For-28-Maskovani", "04-For-28-Maskovani\04-For-28-Maskovani.csproj", "{2B22ABE9-4F48-4F98-AAF4-7DED10906E77}"
EndProject
Project("{9A19103F-16F7-4668-BE54-9A1E7A4F7556}") = "04-For-29-Demaskovani", "04-For-29-Demaskovani\04-For-29-Demaskovani.csproj", "{15086A44-C5A0-4C13-A5C2-EEA4127F7621}"
EndProject
Global
	GlobalSection(SolutionConfigurationPlatforms) = preSolution
		Debug|Any CPU = Debug|Any CPU
		Release|Any CPU = Release|Any CPU
	EndGlobalSection
	GlobalSection(ProjectConfigurationPlatforms) = postSolution
		{F9ED1355-5E1F-42A1-8A42-3F191F662C54}.Debug|Any CPU.ActiveCfg = Debug|Any CPU
		{F9ED1355-5E1F-42A1-8A42-3F191F662C54}.Debug|Any CPU.Build.0 = Debug|Any CPU
		{F9ED1355-5E1F-42A1-8A42-3F191F662C54}.Release|Any CPU.ActiveCfg = Release|Any CPU
		{F9ED1355-5E1F-42A1-8A42-3F191F662C54}.Release|Any CPU.Build.0 = Release|Any CPU
		{726E4366-BDEE-4407-AF23-42DA3C1745AE}.Debug|Any CPU.ActiveCfg = Debug|Any CPU
		{726E4366-BDEE-4407-AF23-42DA3C1745AE}.Debug|Any CPU.Build.0 = Debug|Any CPU
		{726E4366-BDEE-4407-AF23-42DA3C1745AE}.Release|Any CPU.ActiveCfg = Release|Any CPU
		{726E4366-BDEE-4407-AF23-42DA3C1745AE}.Release|Any CPU.Build.0 = Release|Any CPU
		{9EFED909-2E38-42D5-9440-FD2C31000145}.Debug|Any CPU.ActiveCfg = Debug|Any CPU
		{9EFED909-2E38-42D5-9440-FD2C31000145}.Debug|Any CPU.Build.0 = Debug|Any CPU
		{9EFED909-2E38-42D5-9440-FD2C31000145}.Release|Any CPU.ActiveCfg = Release|Any CPU
		{9EFED909-2E38-42D5-9440-FD2C31000145}.Release|Any CPU.Build.0 = Release|Any CPU
		{A99CDBFD-AACD-4E1D-85CE-542D84139235}.Debug|Any CPU.ActiveCfg = Debug|Any CPU
		{A99CDBFD-AACD-4E1D-85CE-542D84139235}.Debug|Any CPU.Build.0 = Debug|Any CPU
		{A99CDBFD-AACD-4E1D-85CE-542D84139235}.Release|Any CPU.ActiveCfg = Release|Any CPU
		{A99CDBFD-AACD-4E1D-85CE-542D84139235}.Release|Any CPU.Build.0 = Release|Any CPU
		{BD1526A8-5C9C-46D3-B361-BF97F7586A4C}.Debug|Any CPU.ActiveCfg = Debug|Any CPU
		{BD1526A8-5C9C-46D3-B361-BF97F7586A4C}.Debug|Any CPU.Build.0 = Debug|Any CPU
		{BD1526A8-5C9C-46D3-B361-BF97F7586A4C}.Release|Any CPU.ActiveCfg = Release|Any CPU
		{BD1526A8-5C9C-46D3-B361-BF97F7586A4C}.Release|Any CPU.Build.0 = Release|Any CPU
		{DAD810F4-1D6E-4FAD-B241-DF5AC3A813A8}.Debug|Any CPU.ActiveCfg = Debug|Any CPU
		{DAD810F4-1D6E-4FAD-B241-DF5AC3A813A8}.Debug|Any CPU.Build.0 = Debug|Any CPU
		{DAD810F4-1D6E-4FAD-B241-DF5AC3A813A8}.Release|Any CPU.ActiveCfg = Release|Any CPU
		{DAD810F4-1D6E-4FAD-B241-DF5AC3A813A8}.Release|Any CPU.Build.0 = Release|Any CPU
		{6BBA9B85-A749-4866-BACD-B9E252E6343F}.Debug|Any CPU.ActiveCfg = Debug|Any CPU
		{6BBA9B85-A749-4866-BACD-B9E252E6343F}.Debug|Any CPU.Build.0 = Debug|Any CPU
		{6BBA9B85-A749-4866-BACD-B9E252E6343F}.Release|Any CPU.ActiveCfg = Release|Any CPU
		{6BBA9B85-A749-4866-BACD-B9E252E6343F}.Release|Any CPU.Build.0 = Release|Any CPU
		{48D18A13-DC1D-47C5-B583-09BD884CA05B}.Debug|Any CPU.ActiveCfg = Debug|Any CPU
		{48D18A13-DC1D-47C5-B583-09BD884CA05B}.Debug|Any CPU.Build.0 = Debug|Any CPU
		{48D18A13-DC1D-47C5-B583-09BD884CA05B}.Release|Any CPU.ActiveCfg = Release|Any CPU
		{48D18A13-DC1D-47C5-B583-09BD884CA05B}.Release|Any CPU.Build.0 = Release|Any CPU
		{A769F740-E984-4625-BD54-7A028CD2D4A0}.Debug|Any CPU.ActiveCfg = Debug|Any CPU
		{A769F740-E984-4625-BD54-7A028CD2D4A0}.Debug|Any CPU.Build.0 = Debug|Any CPU
		{A769F740-E984-4625-BD54-7A028CD2D4A0}.Release|Any CPU.ActiveCfg = Release|Any CPU
		{A769F740-E984-4625-BD54-7A028CD2D4A0}.Release|Any CPU.Build.0 = Release|Any CPU
		{704D5B14-B94C-42B6-9E2B-6A439AF61CDE}.Debug|Any CPU.ActiveCfg = Debug|Any CPU
		{704D5B14-B94C-42B6-9E2B-6A439AF61CDE}.Debug|Any CPU.Build.0 = Debug|Any CPU
		{704D5B14-B94C-42B6-9E2B-6A439AF61CDE}.Release|Any CPU.ActiveCfg = Release|Any CPU
		{704D5B14-B94C-42B6-9E2B-6A439AF61CDE}.Release|Any CPU.Build.0 = Release|Any CPU
		{74520595-1BC6-4A77-A7D7-2EEBB4EDA45A}.Debug|Any CPU.ActiveCfg = Debug|Any CPU
		{74520595-1BC6-4A77-A7D7-2EEBB4EDA45A}.Debug|Any CPU.Build.0 = Debug|Any CPU
		{74520595-1BC6-4A77-A7D7-2EEBB4EDA45A}.Release|Any CPU.ActiveCfg = Release|Any CPU
		{74520595-1BC6-4A77-A7D7-2EEBB4EDA45A}.Release|Any CPU.Build.0 = Release|Any CPU
		{3A3ED44D-C5E3-420C-85CC-3BBFA784EAF4}.Debug|Any CPU.ActiveCfg = Debug|Any CPU
		{3A3ED44D-C5E3-420C-85CC-3BBFA784EAF4}.Debug|Any CPU.Build.0 = Debug|Any CPU
		{3A3ED44D-C5E3-420C-85CC-3BBFA784EAF4}.Release|Any CPU.ActiveCfg = Release|Any CPU
		{3A3ED44D-C5E3-420C-85CC-3BBFA784EAF4}.Release|Any CPU.Build.0 = Release|Any CPU
		{19F8A53C-4A70-47FB-9F8A-9BD96F99DDBD}.Debug|Any CPU.ActiveCfg = Debug|Any CPU
		{19F8A53C-4A70-47FB-9F8A-9BD96F99DDBD}.Debug|Any CPU.Build.0 = Debug|Any CPU
		{19F8A53C-4A70-47FB-9F8A-9BD96F99DDBD}.Release|Any CPU.ActiveCfg = Release|Any CPU
		{19F8A53C-4A70-47FB-9F8A-9BD96F99DDBD}.Release|Any CPU.Build.0 = Release|Any CPU
		{D3BDEB5F-0757-494E-ADF7-9E4B522D9671}.Debug|Any CPU.ActiveCfg = Debug|Any CPU
		{D3BDEB5F-0757-494E-ADF7-9E4B522D9671}.Debug|Any CPU.Build.0 = Debug|Any CPU
		{D3BDEB5F-0757-494E-ADF7-9E4B522D9671}.Release|Any CPU.ActiveCfg = Release|Any CPU
		{D3BDEB5F-0757-494E-ADF7-9E4B522D9671}.Release|Any CPU.Build.0 = Release|Any CPU
		{17F2E181-B87D-480E-966D-1AE863AB643A}.Debug|Any CPU.ActiveCfg = Debug|Any CPU
		{17F2E181-B87D-480E-966D-1AE863AB643A}.Debug|Any CPU.Build.0 = Debug|Any CPU
		{17F2E181-B87D-480E-966D-1AE863AB643A}.Release|Any CPU.ActiveCfg = Release|Any CPU
		{17F2E181-B87D-480E-966D-1AE863AB643A}.Release|Any CPU.Build.0 = Release|Any CPU
		{1188567D-8D33-45B3-9716-A9B872B8BF1D}.Debug|Any CPU.ActiveCfg = Debug|Any CPU
		{1188567D-8D33-45B3-9716-A9B872B8BF1D}.Debug|Any CPU.Build.0 = Debug|Any CPU
		{1188567D-8D33-45B3-9716-A9B872B8BF1D}.Release|Any CPU.ActiveCfg = Release|Any CPU
		{1188567D-8D33-45B3-9716-A9B872B8BF1D}.Release|Any CPU.Build.0 = Release|Any CPU
		{605FD051-113B-43CA-B28B-2208D7E14EBF}.Debug|Any CPU.ActiveCfg = Debug|Any CPU
		{605FD051-113B-43CA-B28B-2208D7E14EBF}.Debug|Any CPU.Build.0 = Debug|Any CPU
		{605FD051-113B-43CA-B28B-2208D7E14EBF}.Release|Any CPU.ActiveCfg = Release|Any CPU
		{605FD051-113B-43CA-B28B-2208D7E14EBF}.Release|Any CPU.Build.0 = Release|Any CPU
		{5A1DEC44-B01B-4432-8FD1-02154643A8E0}.Debug|Any CPU.ActiveCfg = Debug|Any CPU
		{5A1DEC44-B01B-4432-8FD1-02154643A8E0}.Debug|Any CPU.Build.0 = Debug|Any CPU
		{5A1DEC44-B01B-4432-8FD1-02154643A8E0}.Release|Any CPU.ActiveCfg = Release|Any CPU
		{5A1DEC44-B01B-4432-8FD1-02154643A8E0}.Release|Any CPU.Build.0 = Release|Any CPU
		{89CB558E-C5E6-45EC-A4E8-4D1199EECC38}.Debug|Any CPU.ActiveCfg = Debug|Any CPU
		{89CB558E-C5E6-45EC-A4E8-4D1199EECC38}.Debug|Any CPU.Build.0 = Debug|Any CPU
		{89CB558E-C5E6-45EC-A4E8-4D1199EECC38}.Release|Any CPU.ActiveCfg = Release|Any CPU
		{89CB558E-C5E6-45EC-A4E8-4D1199EECC38}.Release|Any CPU.Build.0 = Release|Any CPU
		{78A0C8B3-493E-4923-BC30-DD317996446F}.Debug|Any CPU.ActiveCfg = Debug|Any CPU
		{78A0C8B3-493E-4923-BC30-DD317996446F}.Debug|Any CPU.Build.0 = Debug|Any CPU
		{78A0C8B3-493E-4923-BC30-DD317996446F}.Release|Any CPU.ActiveCfg = Release|Any CPU
		{78A0C8B3-493E-4923-BC30-DD317996446F}.Release|Any CPU.Build.0 = Release|Any CPU
		{533B5517-0680-4E26-B7FE-B781E6E89E42}.Debug|Any CPU.ActiveCfg = Debug|Any CPU
		{533B5517-0680-4E26-B7FE-B781E6E89E42}.Debug|Any CPU.Build.0 = Debug|Any CPU
		{533B5517-0680-4E26-B7FE-B781E6E89E42}.Release|Any CPU.ActiveCfg = Release|Any CPU
		{533B5517-0680-4E26-B7FE-B781E6E89E42}.Release|Any CPU.Build.0 = Release|Any CPU
		{2D5D9C8B-B6E1-4027-BD29-06E6FA1D6CA9}.Debug|Any CPU.ActiveCfg = Debug|Any CPU
		{2D5D9C8B-B6E1-4027-BD29-06E6FA1D6CA9}.Debug|Any CPU.Build.0 = Debug|Any CPU
		{2D5D9C8B-B6E1-4027-BD29-06E6FA1D6CA9}.Release|Any CPU.ActiveCfg = Release|Any CPU
		{2D5D9C8B-B6E1-4027-BD29-06E6FA1D6CA9}.Release|Any CPU.Build.0 = Release|Any CPU
		{1928D45C-83AA-4E7E-8915-992C74C7D5FC}.Debug|Any CPU.ActiveCfg = Debug|Any CPU
		{1928D45C-83AA-4E7E-8915-992C74C7D5FC}.Debug|Any CPU.Build.0 = Debug|Any CPU
		{1928D45C-83AA-4E7E-8915-992C74C7D5FC}.Release|Any CPU.ActiveCfg = Release|Any CPU
		{1928D45C-83AA-4E7E-8915-992C74C7D5FC}.Release|Any CPU.Build.0 = Release|Any CPU
		{8C0DBECE-ADD1-4E73-B31A-8944ED63B093}.Debug|Any CPU.ActiveCfg = Debug|Any CPU
		{8C0DBECE-ADD1-4E73-B31A-8944ED63B093}.Debug|Any CPU.Build.0 = Debug|Any CPU
		{8C0DBECE-ADD1-4E73-B31A-8944ED63B093}.Release|Any CPU.ActiveCfg = Release|Any CPU
		{8C0DBECE-ADD1-4E73-B31A-8944ED63B093}.Release|Any CPU.Build.0 = Release|Any CPU
		{D52D0C09-20CA-4D1E-9985-9E56E2E712A8}.Debug|Any CPU.ActiveCfg = Debug|Any CPU
		{D52D0C09-20CA-4D1E-9985-9E56E2E712A8}.Debug|Any CPU.Build.0 = Debug|Any CPU
		{D52D0C09-20CA-4D1E-9985-9E56E2E712A8}.Release|Any CPU.ActiveCfg = Release|Any CPU
		{D52D0C09-20CA-4D1E-9985-9E56E2E712A8}.Release|Any CPU.Build.0 = Release|Any CPU
		{DD6AB9C6-FF44-4533-929A-31090C1CF589}.Debug|Any CPU.ActiveCfg = Debug|Any CPU
		{DD6AB9C6-FF44-4533-929A-31090C1CF589}.Debug|Any CPU.Build.0 = Debug|Any CPU
		{DD6AB9C6-FF44-4533-929A-31090C1CF589}.Release|Any CPU.ActiveCfg = Release|Any CPU
		{DD6AB9C6-FF44-4533-929A-31090C1CF589}.Release|Any CPU.Build.0 = Release|Any CPU
		{9D8FD23E-B365-4B69-9878-CAB6E9E130E5}.Debug|Any CPU.ActiveCfg = Debug|Any CPU
		{9D8FD23E-B365-4B69-9878-CAB6E9E130E5}.Debug|Any CPU.Build.0 = Debug|Any CPU
		{9D8FD23E-B365-4B69-9878-CAB6E9E130E5}.Release|Any CPU.ActiveCfg = Release|Any CPU
		{9D8FD23E-B365-4B69-9878-CAB6E9E130E5}.Release|Any CPU.Build.0 = Release|Any CPU
		{64778B05-0387-4BD3-8A63-EAA375DB1940}.Debug|Any CPU.ActiveCfg = Debug|Any CPU
		{64778B05-0387-4BD3-8A63-EAA375DB1940}.Debug|Any CPU.Build.0 = Debug|Any CPU
		{64778B05-0387-4BD3-8A63-EAA375DB1940}.Release|Any CPU.ActiveCfg = Release|Any CPU
		{64778B05-0387-4BD3-8A63-EAA375DB1940}.Release|Any CPU.Build.0 = Release|Any CPU
		{34DB26B0-42C9-4C16-8026-FA35FEAE0885}.Debug|Any CPU.ActiveCfg = Debug|Any CPU
		{34DB26B0-42C9-4C16-8026-FA35FEAE0885}.Debug|Any CPU.Build.0 = Debug|Any CPU
		{34DB26B0-42C9-4C16-8026-FA35FEAE0885}.Release|Any CPU.ActiveCfg = Release|Any CPU
		{34DB26B0-42C9-4C16-8026-FA35FEAE0885}.Release|Any CPU.Build.0 = Release|Any CPU
		{4202B3CB-EB05-40ED-82BA-844E74F9FA9F}.Debug|Any CPU.ActiveCfg = Debug|Any CPU
		{4202B3CB-EB05-40ED-82BA-844E74F9FA9F}.Debug|Any CPU.Build.0 = Debug|Any CPU
		{4202B3CB-EB05-40ED-82BA-844E74F9FA9F}.Release|Any CPU.ActiveCfg = Release|Any CPU
		{4202B3CB-EB05-40ED-82BA-844E74F9FA9F}.Release|Any CPU.Build.0 = Release|Any CPU
		{B6663573-F9C1-4BAC-B43C-73D1D9EE853C}.Debug|Any CPU.ActiveCfg = Debug|Any CPU
		{B6663573-F9C1-4BAC-B43C-73D1D9EE853C}.Debug|Any CPU.Build.0 = Debug|Any CPU
		{B6663573-F9C1-4BAC-B43C-73D1D9EE853C}.Release|Any CPU.ActiveCfg = Release|Any CPU
		{B6663573-F9C1-4BAC-B43C-73D1D9EE853C}.Release|Any CPU.Build.0 = Release|Any CPU
		{3B8D5C6C-B78D-4138-A3AD-FE8F9E6363C5}.Debug|Any CPU.ActiveCfg = Debug|Any CPU
		{3B8D5C6C-B78D-4138-A3AD-FE8F9E6363C5}.Debug|Any CPU.Build.0 = Debug|Any CPU
		{3B8D5C6C-B78D-4138-A3AD-FE8F9E6363C5}.Release|Any CPU.ActiveCfg = Release|Any CPU
		{3B8D5C6C-B78D-4138-A3AD-FE8F9E6363C5}.Release|Any CPU.Build.0 = Release|Any CPU
		{77C36EAE-147C-4970-BCD3-AB4403F64B8C}.Debug|Any CPU.ActiveCfg = Debug|Any CPU
		{77C36EAE-147C-4970-BCD3-AB4403F64B8C}.Debug|Any CPU.Build.0 = Debug|Any CPU
		{77C36EAE-147C-4970-BCD3-AB4403F64B8C}.Release|Any CPU.ActiveCfg = Release|Any CPU
		{77C36EAE-147C-4970-BCD3-AB4403F64B8C}.Release|Any CPU.Build.0 = Release|Any CPU
		{F9233DA1-3947-402C-9823-27F8766FF336}.Debug|Any CPU.ActiveCfg = Debug|Any CPU
		{F9233DA1-3947-402C-9823-27F8766FF336}.Debug|Any CPU.Build.0 = Debug|Any CPU
		{F9233DA1-3947-402C-9823-27F8766FF336}.Release|Any CPU.ActiveCfg = Release|Any CPU
		{F9233DA1-3947-402C-9823-27F8766FF336}.Release|Any CPU.Build.0 = Release|Any CPU
		{12C59471-003A-41AB-A5D0-A27F28AF7ED2}.Debug|Any CPU.ActiveCfg = Debug|Any CPU
		{12C59471-003A-41AB-A5D0-A27F28AF7ED2}.Debug|Any CPU.Build.0 = Debug|Any CPU
		{12C59471-003A-41AB-A5D0-A27F28AF7ED2}.Release|Any CPU.ActiveCfg = Release|Any CPU
		{12C59471-003A-41AB-A5D0-A27F28AF7ED2}.Release|Any CPU.Build.0 = Release|Any CPU
		{623D8890-347A-4023-829E-A2D0BA618785}.Debug|Any CPU.ActiveCfg = Debug|Any CPU
		{623D8890-347A-4023-829E-A2D0BA618785}.Debug|Any CPU.Build.0 = Debug|Any CPU
		{623D8890-347A-4023-829E-A2D0BA618785}.Release|Any CPU.ActiveCfg = Release|Any CPU
		{623D8890-347A-4023-829E-A2D0BA618785}.Release|Any CPU.Build.0 = Release|Any CPU
		{68F752FB-2256-4102-95EA-EFC313D6D73A}.Debug|Any CPU.ActiveCfg = Debug|Any CPU
		{68F752FB-2256-4102-95EA-EFC313D6D73A}.Debug|Any CPU.Build.0 = Debug|Any CPU
		{68F752FB-2256-4102-95EA-EFC313D6D73A}.Release|Any CPU.ActiveCfg = Release|Any CPU
		{68F752FB-2256-4102-95EA-EFC313D6D73A}.Release|Any CPU.Build.0 = Release|Any CPU
		{AA9B944F-B901-4FD6-89F2-1CD92DB8E854}.Debug|Any CPU.ActiveCfg = Debug|Any CPU
		{AA9B944F-B901-4FD6-89F2-1CD92DB8E854}.Debug|Any CPU.Build.0 = Debug|Any CPU
		{AA9B944F-B901-4FD6-89F2-1CD92DB8E854}.Release|Any CPU.ActiveCfg = Release|Any CPU
		{AA9B944F-B901-4FD6-89F2-1CD92DB8E854}.Release|Any CPU.Build.0 = Release|Any CPU
		{2CE9819E-8D55-48FE-BA93-45D68E735B39}.Debug|Any CPU.ActiveCfg = Debug|Any CPU
		{2CE9819E-8D55-48FE-BA93-45D68E735B39}.Debug|Any CPU.Build.0 = Debug|Any CPU
		{2CE9819E-8D55-48FE-BA93-45D68E735B39}.Release|Any CPU.ActiveCfg = Release|Any CPU
		{2CE9819E-8D55-48FE-BA93-45D68E735B39}.Release|Any CPU.Build.0 = Release|Any CPU
		{C964F118-3241-4CE1-B2A8-A741E114AC84}.Debug|Any CPU.ActiveCfg = Debug|Any CPU
		{C964F118-3241-4CE1-B2A8-A741E114AC84}.Debug|Any CPU.Build.0 = Debug|Any CPU
		{C964F118-3241-4CE1-B2A8-A741E114AC84}.Release|Any CPU.ActiveCfg = Release|Any CPU
		{C964F118-3241-4CE1-B2A8-A741E114AC84}.Release|Any CPU.Build.0 = Release|Any CPU
		{CAA16325-D43A-40F3-AE93-FAF3C750BA09}.Debug|Any CPU.ActiveCfg = Debug|Any CPU
		{CAA16325-D43A-40F3-AE93-FAF3C750BA09}.Debug|Any CPU.Build.0 = Debug|Any CPU
		{CAA16325-D43A-40F3-AE93-FAF3C750BA09}.Release|Any CPU.ActiveCfg = Release|Any CPU
		{CAA16325-D43A-40F3-AE93-FAF3C750BA09}.Release|Any CPU.Build.0 = Release|Any CPU
		{21F3787D-1C05-4D25-B473-A97B8F4B3C36}.Debug|Any CPU.ActiveCfg = Debug|Any CPU
		{21F3787D-1C05-4D25-B473-A97B8F4B3C36}.Debug|Any CPU.Build.0 = Debug|Any CPU
		{21F3787D-1C05-4D25-B473-A97B8F4B3C36}.Release|Any CPU.ActiveCfg = Release|Any CPU
		{21F3787D-1C05-4D25-B473-A97B8F4B3C36}.Release|Any CPU.Build.0 = Release|Any CPU
		{35184726-C727-448F-8A5B-DE960C425268}.Debug|Any CPU.ActiveCfg = Debug|Any CPU
		{35184726-C727-448F-8A5B-DE960C425268}.Debug|Any CPU.Build.0 = Debug|Any CPU
		{35184726-C727-448F-8A5B-DE960C425268}.Release|Any CPU.ActiveCfg = Release|Any CPU
		{35184726-C727-448F-8A5B-DE960C425268}.Release|Any CPU.Build.0 = Release|Any CPU
		{FDB41AB3-53CB-4C31-9B95-4D99911B887D}.Debug|Any CPU.ActiveCfg = Debug|Any CPU
		{FDB41AB3-53CB-4C31-9B95-4D99911B887D}.Debug|Any CPU.Build.0 = Debug|Any CPU
		{FDB41AB3-53CB-4C31-9B95-4D99911B887D}.Release|Any CPU.ActiveCfg = Release|Any CPU
		{FDB41AB3-53CB-4C31-9B95-4D99911B887D}.Release|Any CPU.Build.0 = Release|Any CPU
		{65A4E80D-A502-4C87-9CCB-E361D32BF7D7}.Debug|Any CPU.ActiveCfg = Debug|Any CPU
		{65A4E80D-A502-4C87-9CCB-E361D32BF7D7}.Debug|Any CPU.Build.0 = Debug|Any CPU
		{65A4E80D-A502-4C87-9CCB-E361D32BF7D7}.Release|Any CPU.ActiveCfg = Release|Any CPU
		{65A4E80D-A502-4C87-9CCB-E361D32BF7D7}.Release|Any CPU.Build.0 = Release|Any CPU
		{35D42DC5-037E-4DFA-9F68-696E9C19E474}.Debug|Any CPU.ActiveCfg = Debug|Any CPU
		{35D42DC5-037E-4DFA-9F68-696E9C19E474}.Debug|Any CPU.Build.0 = Debug|Any CPU
		{35D42DC5-037E-4DFA-9F68-696E9C19E474}.Release|Any CPU.ActiveCfg = Release|Any CPU
		{35D42DC5-037E-4DFA-9F68-696E9C19E474}.Release|Any CPU.Build.0 = Release|Any CPU
		{DE55B778-6D0C-4572-8E8F-D6E868EF009D}.Debug|Any CPU.ActiveCfg = Debug|Any CPU
		{DE55B778-6D0C-4572-8E8F-D6E868EF009D}.Debug|Any CPU.Build.0 = Debug|Any CPU
		{DE55B778-6D0C-4572-8E8F-D6E868EF009D}.Release|Any CPU.ActiveCfg = Release|Any CPU
		{DE55B778-6D0C-4572-8E8F-D6E868EF009D}.Release|Any CPU.Build.0 = Release|Any CPU
		{FF7B3AC7-6054-4F70-94E5-236C6F3DCF69}.Debug|Any CPU.ActiveCfg = Debug|Any CPU
		{FF7B3AC7-6054-4F70-94E5-236C6F3DCF69}.Debug|Any CPU.Build.0 = Debug|Any CPU
		{FF7B3AC7-6054-4F70-94E5-236C6F3DCF69}.Release|Any CPU.ActiveCfg = Release|Any CPU
		{FF7B3AC7-6054-4F70-94E5-236C6F3DCF69}.Release|Any CPU.Build.0 = Release|Any CPU
		{BF0DD8D9-4504-4001-9373-1D4E078F5E92}.Debug|Any CPU.ActiveCfg = Debug|Any CPU
		{BF0DD8D9-4504-4001-9373-1D4E078F5E92}.Debug|Any CPU.Build.0 = Debug|Any CPU
		{BF0DD8D9-4504-4001-9373-1D4E078F5E92}.Release|Any CPU.ActiveCfg = Release|Any CPU
		{BF0DD8D9-4504-4001-9373-1D4E078F5E92}.Release|Any CPU.Build.0 = Release|Any CPU
		{97AFC5ED-6DB9-407D-91E5-48A631CED3EF}.Debug|Any CPU.ActiveCfg = Debug|Any CPU
		{97AFC5ED-6DB9-407D-91E5-48A631CED3EF}.Debug|Any CPU.Build.0 = Debug|Any CPU
		{97AFC5ED-6DB9-407D-91E5-48A631CED3EF}.Release|Any CPU.ActiveCfg = Release|Any CPU
		{97AFC5ED-6DB9-407D-91E5-48A631CED3EF}.Release|Any CPU.Build.0 = Release|Any CPU
		{F530AB22-3960-421D-A96C-CF7E49117DDB}.Debug|Any CPU.ActiveCfg = Debug|Any CPU
		{F530AB22-3960-421D-A96C-CF7E49117DDB}.Debug|Any CPU.Build.0 = Debug|Any CPU
		{F530AB22-3960-421D-A96C-CF7E49117DDB}.Release|Any CPU.ActiveCfg = Release|Any CPU
		{F530AB22-3960-421D-A96C-CF7E49117DDB}.Release|Any CPU.Build.0 = Release|Any CPU
		{849ACE6E-2922-4E46-B156-181EB7E39D4D}.Debug|Any CPU.ActiveCfg = Debug|Any CPU
		{849ACE6E-2922-4E46-B156-181EB7E39D4D}.Debug|Any CPU.Build.0 = Debug|Any CPU
		{849ACE6E-2922-4E46-B156-181EB7E39D4D}.Release|Any CPU.ActiveCfg = Release|Any CPU
		{849ACE6E-2922-4E46-B156-181EB7E39D4D}.Release|Any CPU.Build.0 = Release|Any CPU
		{2BD7C792-DCA2-40C6-A236-2DF9F36CAF2E}.Debug|Any CPU.ActiveCfg = Debug|Any CPU
		{2BD7C792-DCA2-40C6-A236-2DF9F36CAF2E}.Debug|Any CPU.Build.0 = Debug|Any CPU
		{2BD7C792-DCA2-40C6-A236-2DF9F36CAF2E}.Release|Any CPU.ActiveCfg = Release|Any CPU
		{2BD7C792-DCA2-40C6-A236-2DF9F36CAF2E}.Release|Any CPU.Build.0 = Release|Any CPU
		{1C28C4CF-24AD-4BFD-BB63-36EF5B1ED68D}.Debug|Any CPU.ActiveCfg = Debug|Any CPU
		{1C28C4CF-24AD-4BFD-BB63-36EF5B1ED68D}.Debug|Any CPU.Build.0 = Debug|Any CPU
		{1C28C4CF-24AD-4BFD-BB63-36EF5B1ED68D}.Release|Any CPU.ActiveCfg = Release|Any CPU
		{1C28C4CF-24AD-4BFD-BB63-36EF5B1ED68D}.Release|Any CPU.Build.0 = Release|Any CPU
		{11C91A7D-EC0B-47F1-9848-F94ACC851633}.Debug|Any CPU.ActiveCfg = Debug|Any CPU
		{11C91A7D-EC0B-47F1-9848-F94ACC851633}.Debug|Any CPU.Build.0 = Debug|Any CPU
		{11C91A7D-EC0B-47F1-9848-F94ACC851633}.Release|Any CPU.ActiveCfg = Release|Any CPU
		{11C91A7D-EC0B-47F1-9848-F94ACC851633}.Release|Any CPU.Build.0 = Release|Any CPU
		{744BA079-ECC5-436D-8EB3-89F53202F3D4}.Debug|Any CPU.ActiveCfg = Debug|Any CPU
		{744BA079-ECC5-436D-8EB3-89F53202F3D4}.Debug|Any CPU.Build.0 = Debug|Any CPU
		{744BA079-ECC5-436D-8EB3-89F53202F3D4}.Release|Any CPU.ActiveCfg = Release|Any CPU
		{744BA079-ECC5-436D-8EB3-89F53202F3D4}.Release|Any CPU.Build.0 = Release|Any CPU
		{4B374356-83CB-40FD-B122-FBC927D7C11F}.Debug|Any CPU.ActiveCfg = Debug|Any CPU
		{4B374356-83CB-40FD-B122-FBC927D7C11F}.Debug|Any CPU.Build.0 = Debug|Any CPU
		{4B374356-83CB-40FD-B122-FBC927D7C11F}.Release|Any CPU.ActiveCfg = Release|Any CPU
		{4B374356-83CB-40FD-B122-FBC927D7C11F}.Release|Any CPU.Build.0 = Release|Any CPU
		{2B22ABE9-4F48-4F98-AAF4-7DED10906E77}.Debug|Any CPU.ActiveCfg = Debug|Any CPU
		{2B22ABE9-4F48-4F98-AAF4-7DED10906E77}.Debug|Any CPU.Build.0 = Debug|Any CPU
		{2B22ABE9-4F48-4F98-AAF4-7DED10906E77}.Release|Any CPU.ActiveCfg = Release|Any CPU
		{2B22ABE9-4F48-4F98-AAF4-7DED10906E77}.Release|Any CPU.Build.0 = Release|Any CPU
		{15086A44-C5A0-4C13-A5C2-EEA4127F7621}.Debug|Any CPU.ActiveCfg = Debug|Any CPU
		{15086A44-C5A0-4C13-A5C2-EEA4127F7621}.Debug|Any CPU.Build.0 = Debug|Any CPU
		{15086A44-C5A0-4C13-A5C2-EEA4127F7621}.Release|Any CPU.ActiveCfg = Release|Any CPU
		{15086A44-C5A0-4C13-A5C2-EEA4127F7621}.Release|Any CPU.Build.0 = Release|Any CPU
	EndGlobalSection
	GlobalSection(SolutionProperties) = preSolution
		HideSolutionNode = FALSE
	EndGlobalSection
	GlobalSection(NestedProjects) = preSolution
		{F9ED1355-5E1F-42A1-8A42-3F191F662C54} = {08D2D231-BA79-43D6-B034-56ADE19CA238}
		{726E4366-BDEE-4407-AF23-42DA3C1745AE} = {08D2D231-BA79-43D6-B034-56ADE19CA238}
		{9EFED909-2E38-42D5-9440-FD2C31000145} = {08D2D231-BA79-43D6-B034-56ADE19CA238}
		{A99CDBFD-AACD-4E1D-85CE-542D84139235} = {08D2D231-BA79-43D6-B034-56ADE19CA238}
		{BD1526A8-5C9C-46D3-B361-BF97F7586A4C} = {08D2D231-BA79-43D6-B034-56ADE19CA238}
		{DAD810F4-1D6E-4FAD-B241-DF5AC3A813A8} = {08D2D231-BA79-43D6-B034-56ADE19CA238}
		{6BBA9B85-A749-4866-BACD-B9E252E6343F} = {08D2D231-BA79-43D6-B034-56ADE19CA238}
		{48D18A13-DC1D-47C5-B583-09BD884CA05B} = {08D2D231-BA79-43D6-B034-56ADE19CA238}
		{A769F740-E984-4625-BD54-7A028CD2D4A0} = {668D79AF-249D-44A9-BA1B-1D07F963E02D}
		{704D5B14-B94C-42B6-9E2B-6A439AF61CDE} = {08D2D231-BA79-43D6-B034-56ADE19CA238}
		{74520595-1BC6-4A77-A7D7-2EEBB4EDA45A} = {668D79AF-249D-44A9-BA1B-1D07F963E02D}
		{19F8A53C-4A70-47FB-9F8A-9BD96F99DDBD} = {668D79AF-249D-44A9-BA1B-1D07F963E02D}
		{D3BDEB5F-0757-494E-ADF7-9E4B522D9671} = {668D79AF-249D-44A9-BA1B-1D07F963E02D}
		{17F2E181-B87D-480E-966D-1AE863AB643A} = {668D79AF-249D-44A9-BA1B-1D07F963E02D}
		{1188567D-8D33-45B3-9716-A9B872B8BF1D} = {668D79AF-249D-44A9-BA1B-1D07F963E02D}
		{605FD051-113B-43CA-B28B-2208D7E14EBF} = {21A4AD57-DEF2-4E42-A5DB-1B4F4C129BD3}
		{5A1DEC44-B01B-4432-8FD1-02154643A8E0} = {21A4AD57-DEF2-4E42-A5DB-1B4F4C129BD3}
		{89CB558E-C5E6-45EC-A4E8-4D1199EECC38} = {21A4AD57-DEF2-4E42-A5DB-1B4F4C129BD3}
		{78A0C8B3-493E-4923-BC30-DD317996446F} = {21A4AD57-DEF2-4E42-A5DB-1B4F4C129BD3}
		{533B5517-0680-4E26-B7FE-B781E6E89E42} = {21A4AD57-DEF2-4E42-A5DB-1B4F4C129BD3}
		{2D5D9C8B-B6E1-4027-BD29-06E6FA1D6CA9} = {21A4AD57-DEF2-4E42-A5DB-1B4F4C129BD3}
		{1928D45C-83AA-4E7E-8915-992C74C7D5FC} = {21A4AD57-DEF2-4E42-A5DB-1B4F4C129BD3}
		{8C0DBECE-ADD1-4E73-B31A-8944ED63B093} = {21A4AD57-DEF2-4E42-A5DB-1B4F4C129BD3}
		{D52D0C09-20CA-4D1E-9985-9E56E2E712A8} = {21A4AD57-DEF2-4E42-A5DB-1B4F4C129BD3}
		{DD6AB9C6-FF44-4533-929A-31090C1CF589} = {21A4AD57-DEF2-4E42-A5DB-1B4F4C129BD3}
		{9D8FD23E-B365-4B69-9878-CAB6E9E130E5} = {21A4AD57-DEF2-4E42-A5DB-1B4F4C129BD3}
		{64778B05-0387-4BD3-8A63-EAA375DB1940} = {21A4AD57-DEF2-4E42-A5DB-1B4F4C129BD3}
		{34DB26B0-42C9-4C16-8026-FA35FEAE0885} = {21A4AD57-DEF2-4E42-A5DB-1B4F4C129BD3}
		{4202B3CB-EB05-40ED-82BA-844E74F9FA9F} = {EC35C0D2-9D9F-480C-B3D8-DBA4167A0CAB}
		{B6663573-F9C1-4BAC-B43C-73D1D9EE853C} = {EC35C0D2-9D9F-480C-B3D8-DBA4167A0CAB}
		{3B8D5C6C-B78D-4138-A3AD-FE8F9E6363C5} = {EC35C0D2-9D9F-480C-B3D8-DBA4167A0CAB}
		{77C36EAE-147C-4970-BCD3-AB4403F64B8C} = {EC35C0D2-9D9F-480C-B3D8-DBA4167A0CAB}
		{F9233DA1-3947-402C-9823-27F8766FF336} = {EC35C0D2-9D9F-480C-B3D8-DBA4167A0CAB}
		{12C59471-003A-41AB-A5D0-A27F28AF7ED2} = {EC35C0D2-9D9F-480C-B3D8-DBA4167A0CAB}
		{623D8890-347A-4023-829E-A2D0BA618785} = {EC35C0D2-9D9F-480C-B3D8-DBA4167A0CAB}
		{68F752FB-2256-4102-95EA-EFC313D6D73A} = {EC35C0D2-9D9F-480C-B3D8-DBA4167A0CAB}
		{AA9B944F-B901-4FD6-89F2-1CD92DB8E854} = {EC35C0D2-9D9F-480C-B3D8-DBA4167A0CAB}
		{2CE9819E-8D55-48FE-BA93-45D68E735B39} = {EC35C0D2-9D9F-480C-B3D8-DBA4167A0CAB}
		{C964F118-3241-4CE1-B2A8-A741E114AC84} = {EC35C0D2-9D9F-480C-B3D8-DBA4167A0CAB}
		{CAA16325-D43A-40F3-AE93-FAF3C750BA09} = {EC35C0D2-9D9F-480C-B3D8-DBA4167A0CAB}
		{21F3787D-1C05-4D25-B473-A97B8F4B3C36} = {EC35C0D2-9D9F-480C-B3D8-DBA4167A0CAB}
		{35184726-C727-448F-8A5B-DE960C425268} = {EC35C0D2-9D9F-480C-B3D8-DBA4167A0CAB}
		{FDB41AB3-53CB-4C31-9B95-4D99911B887D} = {EC35C0D2-9D9F-480C-B3D8-DBA4167A0CAB}
		{65A4E80D-A502-4C87-9CCB-E361D32BF7D7} = {EC35C0D2-9D9F-480C-B3D8-DBA4167A0CAB}
		{35D42DC5-037E-4DFA-9F68-696E9C19E474} = {EC35C0D2-9D9F-480C-B3D8-DBA4167A0CAB}
		{DE55B778-6D0C-4572-8E8F-D6E868EF009D} = {EC35C0D2-9D9F-480C-B3D8-DBA4167A0CAB}
		{FF7B3AC7-6054-4F70-94E5-236C6F3DCF69} = {EC35C0D2-9D9F-480C-B3D8-DBA4167A0CAB}
		{BF0DD8D9-4504-4001-9373-1D4E078F5E92} = {EC35C0D2-9D9F-480C-B3D8-DBA4167A0CAB}
		{97AFC5ED-6DB9-407D-91E5-48A631CED3EF} = {EC35C0D2-9D9F-480C-B3D8-DBA4167A0CAB}
		{F530AB22-3960-421D-A96C-CF7E49117DDB} = {EC35C0D2-9D9F-480C-B3D8-DBA4167A0CAB}
		{849ACE6E-2922-4E46-B156-181EB7E39D4D} = {EC35C0D2-9D9F-480C-B3D8-DBA4167A0CAB}
		{2BD7C792-DCA2-40C6-A236-2DF9F36CAF2E} = {B6750318-8CD9-4237-A080-99FF77DF1930}
		{1C28C4CF-24AD-4BFD-BB63-36EF5B1ED68D} = {EC35C0D2-9D9F-480C-B3D8-DBA4167A0CAB}
		{11C91A7D-EC0B-47F1-9848-F94ACC851633} = {EC35C0D2-9D9F-480C-B3D8-DBA4167A0CAB}
		{744BA079-ECC5-436D-8EB3-89F53202F3D4} = {EC35C0D2-9D9F-480C-B3D8-DBA4167A0CAB}
		{4B374356-83CB-40FD-B122-FBC927D7C11F} = {EC35C0D2-9D9F-480C-B3D8-DBA4167A0CAB}
		{2B22ABE9-4F48-4F98-AAF4-7DED10906E77} = {EC35C0D2-9D9F-480C-B3D8-DBA4167A0CAB}
		{15086A44-C5A0-4C13-A5C2-EEA4127F7621} = {EC35C0D2-9D9F-480C-B3D8-DBA4167A0CAB}
	EndGlobalSection
	GlobalSection(ExtensibilityGlobals) = postSolution
		SolutionGuid = {3F3EDB7A-73D1-489C-A58A-885EA8FD56DB}
	EndGlobalSection
EndGlobal
